
Microsoft Visual Studio Solution File, Format Version 12.00
# Visual Studio Version 17
VisualStudioVersion = 17.7.34031.279
MinimumVisualStudioVersion = 10.0.40219.1
Project("{FAE04EC0-301F-11D3-BF4B-00C04F79EFBC}") = "BookAssignment3", "BookAssignment3\BookAssignment3.csproj", "{81EE5D3C-3E5A-42E3-8FCF-04522C80DAF7}"
EndProject
Global
	GlobalSection(SolutionConfigurationPlatforms) = preSolution
		Debug|Any CPU = Debug|Any CPU
		Release|Any CPU = Release|Any CPU
	EndGlobalSection
	GlobalSection(ProjectConfigurationPlatforms) = postSolution
		{81EE5D3C-3E5A-42E3-8FCF-04522C80DAF7}.Debug|Any CPU.ActiveCfg = Debug|Any CPU
		{81EE5D3C-3E5A-42E3-8FCF-04522C80DAF7}.Debug|Any CPU.Build.0 = Debug|Any CPU
		{81EE5D3C-3E5A-42E3-8FCF-04522C80DAF7}.Release|Any CPU.ActiveCfg = Release|Any CPU
		{81EE5D3C-3E5A-42E3-8FCF-04522C80DAF7}.Release|Any CPU.Build.0 = Release|Any CPU
	EndGlobalSection
	GlobalSection(SolutionProperties) = preSolution
		HideSolutionNode = FALSE
	EndGlobalSection
	GlobalSection(ExtensibilityGlobals) = postSolution
		SolutionGuid = {25343CBC-C3AC-4008-B50F-A9640D4FED14}
	EndGlobalSection
EndGlobal
